
Microsoft Visual Studio Solution File, Format Version 12.00
# Visual Studio Version 16
VisualStudioVersion = 25.0.1700.2
MinimumVisualStudioVersion = 10.0.40219.1
Project("{FAE04EC0-301F-11D3-BF4B-00C04F79EFBC}") = "ArraysAndLists", "ArraysAndLists.csproj", "{764466AF-F9DE-4270-8991-BDA8D352FFA9}"
EndProject
Global
	GlobalSection(SolutionConfigurationPlatforms) = preSolution
		Debug|Any CPU = Debug|Any CPU
		Release|Any CPU = Release|Any CPU
	EndGlobalSection
	GlobalSection(ProjectConfigurationPlatforms) = postSolution
		{764466AF-F9DE-4270-8991-BDA8D352FFA9}.Debug|Any CPU.ActiveCfg = Debug|Any CPU
		{764466AF-F9DE-4270-8991-BDA8D352FFA9}.Debug|Any CPU.Build.0 = Debug|Any CPU
		{764466AF-F9DE-4270-8991-BDA8D352FFA9}.Release|Any CPU.ActiveCfg = Release|Any CPU
		{764466AF-F9DE-4270-8991-BDA8D352FFA9}.Release|Any CPU.Build.0 = Release|Any CPU
	EndGlobalSection
	GlobalSection(SolutionProperties) = preSolution
		HideSolutionNode = FALSE
	EndGlobalSection
	GlobalSection(ExtensibilityGlobals) = postSolution
		SolutionGuid = {841D8412-6E60-48C8-8D7F-EE115C8CC2B1}
	EndGlobalSection
EndGlobal
